
Microsoft Visual Studio Solution File, Format Version 12.00
# Visual Studio Version 17
VisualStudioVersion = 17.11.35222.181
MinimumVisualStudioVersion = 10.0.40219.1
Project("{FAE04EC0-301F-11D3-BF4B-00C04F79EFBC}") = "MvcMotorbikeStore", "MvcMotorbikeStore\MvcMotorbikeStore.csproj", "{65277BA4-A1A7-44FC-97DB-CF53100F54AD}"
EndProject
Global
	GlobalSection(SolutionConfigurationPlatforms) = preSolution
		Debug|Any CPU = Debug|Any CPU
		Release|Any CPU = Release|Any CPU
	EndGlobalSection
	GlobalSection(ProjectConfigurationPlatforms) = postSolution
		{65277BA4-A1A7-44FC-97DB-CF53100F54AD}.Debug|Any CPU.ActiveCfg = Debug|Any CPU
		{65277BA4-A1A7-44FC-97DB-CF53100F54AD}.Debug|Any CPU.Build.0 = Debug|Any CPU
		{65277BA4-A1A7-44FC-97DB-CF53100F54AD}.Release|Any CPU.ActiveCfg = Release|Any CPU
		{65277BA4-A1A7-44FC-97DB-CF53100F54AD}.Release|Any CPU.Build.0 = Release|Any CPU
	EndGlobalSection
	GlobalSection(SolutionProperties) = preSolution
		HideSolutionNode = FALSE
	EndGlobalSection
	GlobalSection(ExtensibilityGlobals) = postSolution
		SolutionGuid = {B242740A-0A36-4A7C-88FB-510EED2890DD}
	EndGlobalSection
EndGlobal
